
Microsoft Visual Studio Solution File, Format Version 12.00
# Visual Studio Version 17
VisualStudioVersion = 17.13.35931.197 d17.13
MinimumVisualStudioVersion = 10.0.40219.1
Project("{FAE04EC0-301F-11D3-BF4B-00C04F79EFBC}") = "MyWebsite", "MyWebsite\MyWebsite.csproj", "{0F1566DB-E933-43A4-9C7B-50D9D8649CEC}"
EndProject
Global
	GlobalSection(SolutionConfigurationPlatforms) = preSolution
		Debug|Any CPU = Debug|Any CPU
		Release|Any CPU = Release|Any CPU
	EndGlobalSection
	GlobalSection(ProjectConfigurationPlatforms) = postSolution
		{0F1566DB-E933-43A4-9C7B-50D9D8649CEC}.Debug|Any CPU.ActiveCfg = Debug|Any CPU
		{0F1566DB-E933-43A4-9C7B-50D9D8649CEC}.Debug|Any CPU.Build.0 = Debug|Any CPU
		{0F1566DB-E933-43A4-9C7B-50D9D8649CEC}.Release|Any CPU.ActiveCfg = Release|Any CPU
		{0F1566DB-E933-43A4-9C7B-50D9D8649CEC}.Release|Any CPU.Build.0 = Release|Any CPU
	EndGlobalSection
	GlobalSection(SolutionProperties) = preSolution
		HideSolutionNode = FALSE
	EndGlobalSection
	GlobalSection(ExtensibilityGlobals) = postSolution
		SolutionGuid = {D3FEF716-B894-4C99-B053-E97A97B82C02}
	EndGlobalSection
EndGlobal
